
Microsoft Visual Studio Solution File, Format Version 12.00
# Visual Studio Version 16
VisualStudioVersion = 16.0.30717.126
MinimumVisualStudioVersion = 10.0.40219.1
Project("{FAE04EC0-301F-11D3-BF4B-00C04F79EFBC}") = "MoneyManager", "MoneyManager\MoneyManager.csproj", "{38384EE5-758D-4A94-980E-EAB2C8558837}"
EndProject
Global
	GlobalSection(SolutionConfigurationPlatforms) = preSolution
		Debug|Any CPU = Debug|Any CPU
		Release|Any CPU = Release|Any CPU
	EndGlobalSection
	GlobalSection(ProjectConfigurationPlatforms) = postSolution
		{38384EE5-758D-4A94-980E-EAB2C8558837}.Debug|Any CPU.ActiveCfg = Debug|Any CPU
		{38384EE5-758D-4A94-980E-EAB2C8558837}.Debug|Any CPU.Build.0 = Debug|Any CPU
		{38384EE5-758D-4A94-980E-EAB2C8558837}.Release|Any CPU.ActiveCfg = Release|Any CPU
		{38384EE5-758D-4A94-980E-EAB2C8558837}.Release|Any CPU.Build.0 = Release|Any CPU
	EndGlobalSection
	GlobalSection(SolutionProperties) = preSolution
		HideSolutionNode = FALSE
	EndGlobalSection
	GlobalSection(ExtensibilityGlobals) = postSolution
		SolutionGuid = {E6AA2F5F-7637-414C-90B3-7559D506A104}
	EndGlobalSection
EndGlobal
